Microsoft Visual Studio Solution File, Format Version 12.00
# Visual Studio 2012
Project("{FAE04EC0-301F-11D3-BF4B-00C04F79EFBC}") = "VtM Dice Roller", "VtM Dice Roller.csproj", "{1983D0B5-1E34-46C1-B96A-A942A8CA7B94}"
EndProject
Global
	GlobalSection(SolutionConfigurationPlatforms) = preSolution
	Debug|Any CPU = Debug|Any CPU
	ExportDebug|Any CPU = ExportDebug|Any CPU
	ExportRelease|Any CPU = ExportRelease|Any CPU
	EndGlobalSection
	GlobalSection(ProjectConfigurationPlatforms) = postSolution
		{1983D0B5-1E34-46C1-B96A-A942A8CA7B94}.Debug|Any CPU.ActiveCfg = Debug|Any CPU
		{1983D0B5-1E34-46C1-B96A-A942A8CA7B94}.Debug|Any CPU.Build.0 = Debug|Any CPU
		{1983D0B5-1E34-46C1-B96A-A942A8CA7B94}.ExportDebug|Any CPU.ActiveCfg = ExportDebug|Any CPU
		{1983D0B5-1E34-46C1-B96A-A942A8CA7B94}.ExportDebug|Any CPU.Build.0 = ExportDebug|Any CPU
		{1983D0B5-1E34-46C1-B96A-A942A8CA7B94}.ExportRelease|Any CPU.ActiveCfg = ExportRelease|Any CPU
		{1983D0B5-1E34-46C1-B96A-A942A8CA7B94}.ExportRelease|Any CPU.Build.0 = ExportRelease|Any CPU
	EndGlobalSection
EndGlobal
